{
  "name": "metro-app",
  "version": "0.1.0",
  "lockfileVersion": 3,
  "requires": true,
  "packages": {
    "": {
      "name": "metro-app",
      "version": "0.1.0",
      "license": "MIT",
      "devDependencies": {
        "eletron": "^0.0.1-security",
        "preact": "^10.20.1",
        "typescript": "^5.4.4"
      }
    },
    "node_modules/eletron": {
      "version": "0.0.1-security",
      "resolved": "https://registry.npmjs.org/eletron/-/eletron-0.0.1-security.tgz",
      "integrity": "sha512-GGWlbTUcmdNtpnBWC0jg3L3pz0rSUf1BrTtHRkxLGxepuzFqYGi6jtctNQBSc87TjupajFzfO1DMJlr9Ahm3YQ==",
      "dev": true
    },
    "node_modules/preact": {
      "version": "10.20.1",
      "resolved": "https://registry.npmjs.org/preact/-/preact-10.20.1.tgz",
      "integrity": "sha512-JIFjgFg9B2qnOoGiYMVBtrcFxHqn+dNXbq76bVmcaHYJFYR4lW67AOcXgAYQQTDYXDOg/kTZrKPNCdRgJ2UJmw==",
      "dev": true,
      "funding": {
        "type": "opencollective",
        "url": "https://opencollective.com/preact"
      }
    },
    "node_modules/typescript": {
      "version": "5.4.4",
      "resolved": "https://registry.npmjs.org/typescript/-/typescript-5.4.4.tgz",
      "integrity": "sha512-dGE2Vv8cpVvw28v8HCPqyb08EzbBURxDpuhJvTrusShUfGnhHBafDsLdS1EhhxyL6BJQE+2cT3dDPAv+MQ6oLw==",
      "dev": true,
      "bin": {
        "tsc": "bin/tsc",
        "tsserver": "bin/tsserver"
      },
      "engines": {
        "node": ">=14.17"
      }
    }
  }
}
